
Microsoft Visual Studio Solution File, Format Version 12.00
# Visual Studio 15
Project("{FAE04EC0-301F-11D3-BF4B-00C04F79EFBC}") = "Assembly-CSharp", "Assembly-CSharp.csproj", "{1882D27C-95E1-E1FB-2F80-A6C0CDDDBB3B}"
EndProject
Project("{FAE04EC0-301F-11D3-BF4B-00C04F79EFBC}") = "Assembly-CSharp-firstpass", "Assembly-CSharp-firstpass.csproj", "{C0C42DAA-6330-00F4-00DE-1C46FA225A77}"
EndProject
Global
	GlobalSection(SolutionConfigurationPlatforms) = preSolution
		Debug|Any CPU = Debug|Any CPU
		Release|Any CPU = Release|Any CPU
	EndGlobalSection
	GlobalSection(ProjectConfigurationPlatforms) = postSolution
		{1882D27C-95E1-E1FB-2F80-A6C0CDDDBB3B}.Debug|Any CPU.ActiveCfg = Debug|Any CPU
		{1882D27C-95E1-E1FB-2F80-A6C0CDDDBB3B}.Debug|Any CPU.Build.0 = Debug|Any CPU
		{1882D27C-95E1-E1FB-2F80-A6C0CDDDBB3B}.Release|Any CPU.ActiveCfg = Release|Any CPU
		{1882D27C-95E1-E1FB-2F80-A6C0CDDDBB3B}.Release|Any CPU.Build.0 = Release|Any CPU
		{C0C42DAA-6330-00F4-00DE-1C46FA225A77}.Debug|Any CPU.ActiveCfg = Debug|Any CPU
		{C0C42DAA-6330-00F4-00DE-1C46FA225A77}.Debug|Any CPU.Build.0 = Debug|Any CPU
		{C0C42DAA-6330-00F4-00DE-1C46FA225A77}.Release|Any CPU.ActiveCfg = Release|Any CPU
		{C0C42DAA-6330-00F4-00DE-1C46FA225A77}.Release|Any CPU.Build.0 = Release|Any CPU
	EndGlobalSection
	GlobalSection(SolutionProperties) = preSolution
		HideSolutionNode = FALSE
	EndGlobalSection
EndGlobal
