
Microsoft Visual Studio Solution File, Format Version 12.00
# Visual Studio 15
Project("{FAE04EC0-301F-11D3-BF4B-00C04F79EFBC}") = "Assembly-CSharp", "Assembly-CSharp.csproj", "{92A1DB71-406D-0EDA-FCA2-840CE09A1D2C}"
EndProject
Project("{FAE04EC0-301F-11D3-BF4B-00C04F79EFBC}") = "Assembly-CSharp-firstpass", "Assembly-CSharp-firstpass.csproj", "{42FF53E2-8FC5-674A-CBED-E7F2FE76ACD7}"
EndProject
Global
	GlobalSection(SolutionConfigurationPlatforms) = preSolution
		Debug|Any CPU = Debug|Any CPU
		Release|Any CPU = Release|Any CPU
	EndGlobalSection
	GlobalSection(ProjectConfigurationPlatforms) = postSolution
		{92A1DB71-406D-0EDA-FCA2-840CE09A1D2C}.Debug|Any CPU.ActiveCfg = Debug|Any CPU
		{92A1DB71-406D-0EDA-FCA2-840CE09A1D2C}.Debug|Any CPU.Build.0 = Debug|Any CPU
		{92A1DB71-406D-0EDA-FCA2-840CE09A1D2C}.Release|Any CPU.ActiveCfg = Release|Any CPU
		{92A1DB71-406D-0EDA-FCA2-840CE09A1D2C}.Release|Any CPU.Build.0 = Release|Any CPU
		{42FF53E2-8FC5-674A-CBED-E7F2FE76ACD7}.Debug|Any CPU.ActiveCfg = Debug|Any CPU
		{42FF53E2-8FC5-674A-CBED-E7F2FE76ACD7}.Debug|Any CPU.Build.0 = Debug|Any CPU
		{42FF53E2-8FC5-674A-CBED-E7F2FE76ACD7}.Release|Any CPU.ActiveCfg = Release|Any CPU
		{42FF53E2-8FC5-674A-CBED-E7F2FE76ACD7}.Release|Any CPU.Build.0 = Release|Any CPU
	EndGlobalSection
	GlobalSection(SolutionProperties) = preSolution
		HideSolutionNode = FALSE
	EndGlobalSection
EndGlobal
